
Microsoft Visual Studio Solution File, Format Version 12.00
# Visual Studio Version 16
VisualStudioVersion = 16.0.30330.147
MinimumVisualStudioVersion = 10.0.40219.1
Project("{FAE04EC0-301F-11D3-BF4B-00C04F79EFBC}") = "Avanzado2-2", "Avanzado2-2.csproj", "{2E24019E-2AB7-436D-9FE5-CC9F00E4D548}"
EndProject
Global
	GlobalSection(SolutionConfigurationPlatforms) = preSolution
		Debug|Any CPU = Debug|Any CPU
		Release|Any CPU = Release|Any CPU
	EndGlobalSection
	GlobalSection(ProjectConfigurationPlatforms) = postSolution
		{2E24019E-2AB7-436D-9FE5-CC9F00E4D548}.Debug|Any CPU.ActiveCfg = Debug|Any CPU
		{2E24019E-2AB7-436D-9FE5-CC9F00E4D548}.Debug|Any CPU.Build.0 = Debug|Any CPU
		{2E24019E-2AB7-436D-9FE5-CC9F00E4D548}.Release|Any CPU.ActiveCfg = Release|Any CPU
		{2E24019E-2AB7-436D-9FE5-CC9F00E4D548}.Release|Any CPU.Build.0 = Release|Any CPU
	EndGlobalSection
	GlobalSection(SolutionProperties) = preSolution
		HideSolutionNode = FALSE
	EndGlobalSection
	GlobalSection(ExtensibilityGlobals) = postSolution
		SolutionGuid = {468C2D29-C96C-4383-97CA-F05018DBEC18}
	EndGlobalSection
EndGlobal
