
Microsoft Visual Studio Solution File, Format Version 12.00
# Visual Studio Version 16
VisualStudioVersion = 16.0.30330.147
MinimumVisualStudioVersion = 10.0.40219.1
Project("{FAE04EC0-301F-11D3-BF4B-00C04F79EFBC}") = "Avanzado2_5", "Avanzado2_5.csproj", "{3BB70F8B-3E5D-498B-A148-A566E314EC9E}"
EndProject
Global
	GlobalSection(SolutionConfigurationPlatforms) = preSolution
		Debug|Any CPU = Debug|Any CPU
		Release|Any CPU = Release|Any CPU
	EndGlobalSection
	GlobalSection(ProjectConfigurationPlatforms) = postSolution
		{3BB70F8B-3E5D-498B-A148-A566E314EC9E}.Debug|Any CPU.ActiveCfg = Debug|Any CPU
		{3BB70F8B-3E5D-498B-A148-A566E314EC9E}.Debug|Any CPU.Build.0 = Debug|Any CPU
		{3BB70F8B-3E5D-498B-A148-A566E314EC9E}.Release|Any CPU.ActiveCfg = Release|Any CPU
		{3BB70F8B-3E5D-498B-A148-A566E314EC9E}.Release|Any CPU.Build.0 = Release|Any CPU
	EndGlobalSection
	GlobalSection(SolutionProperties) = preSolution
		HideSolutionNode = FALSE
	EndGlobalSection
	GlobalSection(ExtensibilityGlobals) = postSolution
		SolutionGuid = {B0B0B460-9119-4743-B922-64238ACF0AEB}
	EndGlobalSection
EndGlobal
